// !$*UTF8*$!
{
	archiveVersion = 1;
	classes = {
	};
	objectVersion = 50;
	objects = {

/* Begin PBXBuildFile section */
		53566B08209166060099FF0F /* AppDelegate.swift in Sources */ = {isa = PBXBuildFile; fileRef = 53566B07209166060099FF0F /* AppDelegate.swift */; };
		53566B0A209166060099FF0F /* ViewController.swift in Sources */ = {isa = PBXBuildFile; fileRef = 53566B09209166060099FF0F /* ViewController.swift */; };
		53566B0D209166060099FF0F /* Main.storyboard in Resources */ = {isa = PBXBuildFile; fileRef = 53566B0B209166060099FF0F /* Main.storyboard */; };
		53566B0F209166080099FF0F /* Assets.xcassets in Resources */ = {isa = PBXBuildFile; fileRef = 53566B0E209166080099FF0F /* Assets.xcassets */; };
		53566B12209166080099FF0F /* LaunchScreen.storyboard in Resources */ = {isa = PBXBuildFile; fileRef = 53566B10209166080099FF0F /* LaunchScreen.storyboard */; };
		53566B1D209166080099FF0F /* VectorTests.swift in Sources */ = {isa = PBXBuildFile; fileRef = 53566B1C209166080099FF0F /* VectorTests.swift */; };
		53566B28209166080099FF0F /* VectorUITests.swift in Sources */ = {isa = PBXBuildFile; fileRef = 53566B27209166080099FF0F /* VectorUITests.swift */; };
		A0374BA728DB3BA1F7512C86 /* Pods_VectorTests.framework in Frameworks */ = {isa = PBXBuildFile; fileRef = C7D10774D624F224C2824E58 /* Pods_VectorTests.framework */; };
		F813217A40502AF66B07FBA0 /* Pods_Vector.framework in Frameworks */ = {isa = PBXBuildFile; fileRef = F58EFD2E72778AF853B1CEAC /* Pods_Vector.framework */; };
		FD1E3EE8B06456B020D41857 /* Pods_VectorUITests.framework in Frameworks */ = {isa = PBXBuildFile; fileRef = 160CB40436EFEB76919BFEAB /* Pods_VectorUITests.framework */; };
/* End PBXBuildFile section */

/* Begin PBXContainerItemProxy section */
		53566B19209166080099FF0F /* PBXContainerItemProxy */ = {
			isa = PBXContainerItemProxy;
			containerPortal = 53566AFC209166060099FF0F /* Project object */;
			proxyType = 1;
			remoteGlobalIDString = 53566B03209166060099FF0F;
			remoteInfo = Vector;
		};
		53566B24209166080099FF0F /* PBXContainerItemProxy */ = {
			isa = PBXContainerItemProxy;
			containerPortal = 53566AFC209166060099FF0F /* Project object */;
			proxyType = 1;
			remoteGlobalIDString = 53566B03209166060099FF0F;
			remoteInfo = Vector;
		};
/* End PBXContainerItemProxy section */

/* Begin PBXFileReference section */
		160CB40436EFEB76919BFEAB /* Pods_VectorUITests.framework */ = {isa = PBXFileReference; explicitFileType = wrapper.framework; includeInIndex = 0; path = Pods_VectorUITests.framework; sourceTree = BUILT_PRODUCTS_DIR; };
		485312F6BF663E7E30A85F1E /* Pods-VectorUITests.debug.xcconfig */ = {isa = PBXFileReference; includeInIndex = 1; lastKnownFileType = text.xcconfig; name = "Pods-VectorUITests.debug.xcconfig"; path = "Pods/Target Support Files/Pods-VectorUITests/Pods-VectorUITests.debug.xcconfig"; sourceTree = "<group>"; };
		52F94907E3805B0E667D069F /* Pods-VectorTests.release.xcconfig */ = {isa = PBXFileReference; includeInIndex = 1; lastKnownFileType = text.xcconfig; name = "Pods-VectorTests.release.xcconfig"; path = "Pods/Target Support Files/Pods-VectorTests/Pods-VectorTests.release.xcconfig"; sourceTree = "<group>"; };
		53566B04209166060099FF0F /* Vector.app */ = {isa = PBXFileReference; explicitFileType = wrapper.application; includeInIndex = 0; path = Vector.app; sourceTree = BUILT_PRODUCTS_DIR; };
		53566B07209166060099FF0F /* AppDelegate.swift */ = {isa = PBXFileReference; lastKnownFileType = sourcecode.swift; path = AppDelegate.swift; sourceTree = "<group>"; };
		53566B09209166060099FF0F /* ViewController.swift */ = {isa = PBXFileReference; lastKnownFileType = sourcecode.swift; path = ViewController.swift; sourceTree = "<group>"; };
		53566B0C209166060099FF0F /* Base */ = {isa = PBXFileReference; lastKnownFileType = file.storyboard; name = Base; path = Base.lproj/Main.storyboard; sourceTree = "<group>"; };
		53566B0E209166080099FF0F /* Assets.xcassets */ = {isa = PBXFileReference; lastKnownFileType = folder.assetcatalog; path = Assets.xcassets; sourceTree = "<group>"; };
		53566B11209166080099FF0F /* Base */ = {isa = PBXFileReference; lastKnownFileType = file.storyboard; name = Base; path = Base.lproj/LaunchScreen.storyboard; sourceTree = "<group>"; };
		53566B13209166080099FF0F /* Info.plist */ = {isa = PBXFileReference; lastKnownFileType = text.plist.xml; path = Info.plist; sourceTree = "<group>"; };
		53566B18209166080099FF0F /* VectorTests.xctest */ = {isa = PBXFileReference; explicitFileType = wrapper.cfbundle; includeInIndex = 0; path = VectorTests.xctest; sourceTree = BUILT_PRODUCTS_DIR; };
		53566B1C209166080099FF0F /* VectorTests.swift */ = {isa = PBXFileReference; lastKnownFileType = sourcecode.swift; path = VectorTests.swift; sourceTree = "<group>"; };
		53566B1E209166080099FF0F /* Info.plist */ = {isa = PBXFileReference; lastKnownFileType = text.plist.xml; path = Info.plist; sourceTree = "<group>"; };
		53566B23209166080099FF0F /* VectorUITests.xctest */ = {isa = PBXFileReference; explicitFileType = wrapper.cfbundle; includeInIndex = 0; path = VectorUITests.xctest; sourceTree = BUILT_PRODUCTS_DIR; };
		53566B27209166080099FF0F /* VectorUITests.swift */ = {isa = PBXFileReference; lastKnownFileType = sourcecode.swift; path = VectorUITests.swift; sourceTree = "<group>"; };
		53566B29209166080099FF0F /* Info.plist */ = {isa = PBXFileReference; lastKnownFileType = text.plist.xml; path = Info.plist; sourceTree = "<group>"; };
		67B2CF9FC200534F74B303D0 /* Pods-Vector.release.xcconfig */ = {isa = PBXFileReference; includeInIndex = 1; lastKnownFileType = text.xcconfig; name = "Pods-Vector.release.xcconfig"; path = "Pods/Target Support Files/Pods-Vector/Pods-Vector.release.xcconfig"; sourceTree = "<group>"; };
		7B2B37048B13185DD98ABAA6 /* Pods-VectorTests.debug.xcconfig */ = {isa = PBXFileReference; includeInIndex = 1; lastKnownFileType = text.xcconfig; name = "Pods-VectorTests.debug.xcconfig"; path = "Pods/Target Support Files/Pods-VectorTests/Pods-VectorTests.debug.xcconfig"; sourceTree = "<group>"; };
		7DC8C66001CCC0EFB6437FF1 /* Pods-Vector.debug.xcconfig */ = {isa = PBXFileReference; includeInIndex = 1; lastKnownFileType = text.xcconfig; name = "Pods-Vector.debug.xcconfig"; path = "Pods/Target Support Files/Pods-Vector/Pods-Vector.debug.xcconfig"; sourceTree = "<group>"; };
		C7D10774D624F224C2824E58 /* Pods_VectorTests.framework */ = {isa = PBXFileReference; explicitFileType = wrapper.framework; includeInIndex = 0; path = Pods_VectorTests.framework; sourceTree = BUILT_PRODUCTS_DIR; };
		D11472A8979D222AC6A9F279 /* Pods-VectorUITests.release.xcconfig */ = {isa = PBXFileReference; includeInIndex = 1; lastKnownFileType = text.xcconfig; name = "Pods-VectorUITests.release.xcconfig"; path = "Pods/Target Support Files/Pods-VectorUITests/Pods-VectorUITests.release.xcconfig"; sourceTree = "<group>"; };
		F58EFD2E72778AF853B1CEAC /* Pods_Vector.framework */ = {isa = PBXFileReference; explicitFileType = wrapper.framework; includeInIndex = 0; path = Pods_Vector.framework; sourceTree = BUILT_PRODUCTS_DIR; };
/* End PBXFileReference section */

/* Begin PBXFrameworksBuildPhase section */
		53566B01209166060099FF0F /* Frameworks */ = {
			isa = PBXFrameworksBuildPhase;
			buildActionMask = 2147483647;
			files = (
				F813217A40502AF66B07FBA0 /* Pods_Vector.framework in Frameworks */,
			);
			runOnlyForDeploymentPostprocessing = 0;
		};
		53566B15209166080099FF0F /* Frameworks */ = {
			isa = PBXFrameworksBuildPhase;
			buildActionMask = 2147483647;
			files = (
				A0374BA728DB3BA1F7512C86 /* Pods_VectorTests.framework in Frameworks */,
			);
			runOnlyForDeploymentPostprocessing = 0;
		};
		53566B20209166080099FF0F /* Frameworks */ = {
			isa = PBXFrameworksBuildPhase;
			buildActionMask = 2147483647;
			files = (
				FD1E3EE8B06456B020D41857 /* Pods_VectorUITests.framework in Frameworks */,
			);
			runOnlyForDeploymentPostprocessing = 0;
		};
/* End PBXFrameworksBuildPhase section */

/* Begin PBXGroup section */
		2751B7DA6ADAFD83F09D5E4B /* Pods */ = {
			isa = PBXGroup;
			children = (
				7DC8C66001CCC0EFB6437FF1 /* Pods-Vector.debug.xcconfig */,
				67B2CF9FC200534F74B303D0 /* Pods-Vector.release.xcconfig */,
				7B2B37048B13185DD98ABAA6 /* Pods-VectorTests.debug.xcconfig */,
				52F94907E3805B0E667D069F /* Pods-VectorTests.release.xcconfig */,
				485312F6BF663E7E30A85F1E /* Pods-VectorUITests.debug.xcconfig */,
				D11472A8979D222AC6A9F279 /* Pods-VectorUITests.release.xcconfig */,
			);
			name = Pods;
			sourceTree = "<group>";
		};
		53566AFB209166060099FF0F = {
			isa = PBXGroup;
			children = (
				53566B06209166060099FF0F /* Vector */,
				53566B1B209166080099FF0F /* VectorTests */,
				53566B26209166080099FF0F /* VectorUITests */,
				53566B05209166060099FF0F /* Products */,
				2751B7DA6ADAFD83F09D5E4B /* Pods */,
				888E6B8C6CF96B144DCD267B /* Frameworks */,
			);
			sourceTree = "<group>";
		};
		53566B05209166060099FF0F /* Products */ = {
			isa = PBXGroup;
			children = (
				53566B04209166060099FF0F /* Vector.app */,
				53566B18209166080099FF0F /* VectorTests.xctest */,
				53566B23209166080099FF0F /* VectorUITests.xctest */,
			);
			name = Products;
			sourceTree = "<group>";
		};
		53566B06209166060099FF0F /* Vector */ = {
			isa = PBXGroup;
			children = (
				53566B07209166060099FF0F /* AppDelegate.swift */,
				53566B09209166060099FF0F /* ViewController.swift */,
				53566B0B209166060099FF0F /* Main.storyboard */,
				53566B0E209166080099FF0F /* Assets.xcassets */,
				53566B10209166080099FF0F /* LaunchScreen.storyboard */,
				53566B13209166080099FF0F /* Info.plist */,
			);
			path = Vector;
			sourceTree = "<group>";
		};
		53566B1B209166080099FF0F /* VectorTests */ = {
			isa = PBXGroup;
			children = (
				53566B1C209166080099FF0F /* VectorTests.swift */,
				53566B1E209166080099FF0F /* Info.plist */,
			);
			path = VectorTests;
			sourceTree = "<group>";
		};
		53566B26209166080099FF0F /* VectorUITests */ = {
			isa = PBXGroup;
			children = (
				53566B27209166080099FF0F /* VectorUITests.swift */,
				53566B29209166080099FF0F /* Info.plist */,
			);
			path = VectorUITests;
			sourceTree = "<group>";
		};
		888E6B8C6CF96B144DCD267B /* Frameworks */ = {
			isa = PBXGroup;
			children = (
				F58EFD2E72778AF853B1CEAC /* Pods_Vector.framework */,
				C7D10774D624F224C2824E58 /* Pods_VectorTests.framework */,
				160CB40436EFEB76919BFEAB /* Pods_VectorUITests.framework */,
			);
			name = Frameworks;
			sourceTree = "<group>";
		};
/* End PBXGroup section */

/* Begin PBXNativeTarget section */
		53566B03209166060099FF0F /* Vector */ = {
			isa = PBXNativeTarget;
			buildConfigurationList = 53566B2C209166080099FF0F /* Build configuration list for PBXNativeTarget "Vector" */;
			buildPhases = (
				0635421CF8B9CFDE15824B20 /* [CP] Check Pods Manifest.lock */,
				53566B00209166060099FF0F /* Sources */,
				53566B01209166060099FF0F /* Frameworks */,
				53566B02209166060099FF0F /* Resources */,
				E17ECC403333FC3578CD571B /* [CP] Embed Pods Frameworks */,
				D1844CC5332A92657556AA72 /* [CP] Copy Pods Resources */,
			);
			buildRules = (
			);
			dependencies = (
			);
			name = Vector;
			productName = Vector;
			productReference = 53566B04209166060099FF0F /* Vector.app */;
			productType = "com.apple.product-type.application";
		};
		53566B17209166080099FF0F /* VectorTests */ = {
			isa = PBXNativeTarget;
			buildConfigurationList = 53566B2F209166080099FF0F /* Build configuration list for PBXNativeTarget "VectorTests" */;
			buildPhases = (
				D186D4B2EC0246B425ED2ADC /* [CP] Check Pods Manifest.lock */,
				53566B14209166080099FF0F /* Sources */,
				53566B15209166080099FF0F /* Frameworks */,
				53566B16209166080099FF0F /* Resources */,
				8512A96E8D2E0FEAA8246E5A /* [CP] Embed Pods Frameworks */,
				D813ED4E1D56D1667BF76D59 /* [CP] Copy Pods Resources */,
			);
			buildRules = (
			);
			dependencies = (
				53566B1A209166080099FF0F /* PBXTargetDependency */,
			);
			name = VectorTests;
			productName = VectorTests;
			productReference = 53566B18209166080099FF0F /* VectorTests.xctest */;
			productType = "com.apple.product-type.bundle.unit-test";
		};
		53566B22209166080099FF0F /* VectorUITests */ = {
			isa = PBXNativeTarget;
			buildConfigurationList = 53566B32209166080099FF0F /* Build configuration list for PBXNativeTarget "VectorUITests" */;
			buildPhases = (
				44871491460F105F5C504C90 /* [CP] Check Pods Manifest.lock */,
				53566B1F209166080099FF0F /* Sources */,
				53566B20209166080099FF0F /* Frameworks */,
				53566B21209166080099FF0F /* Resources */,
				8BE9D30F194001005EDA1617 /* [CP] Embed Pods Frameworks */,
				386B37D7184856EF3AA2F150 /* [CP] Copy Pods Resources */,
			);
			buildRules = (
			);
			dependencies = (
				53566B25209166080099FF0F /* PBXTargetDependency */,
			);
			name = VectorUITests;
			productName = VectorUITests;
			productReference = 53566B23209166080099FF0F /* VectorUITests.xctest */;
			productType = "com.apple.product-type.bundle.ui-testing";
		};
/* End PBXNativeTarget section */

/* Begin PBXProject section */
		53566AFC209166060099FF0F /* Project object */ = {
			isa = PBXProject;
			attributes = {
				LastSwiftUpdateCheck = 0930;
				LastUpgradeCheck = 0930;
				ORGANIZATIONNAME = "Kevin Cai";
				TargetAttributes = {
					53566B03209166060099FF0F = {
						CreatedOnToolsVersion = 9.3;
					};
					53566B17209166080099FF0F = {
						CreatedOnToolsVersion = 9.3;
						TestTargetID = 53566B03209166060099FF0F;
					};
					53566B22209166080099FF0F = {
						CreatedOnToolsVersion = 9.3;
						TestTargetID = 53566B03209166060099FF0F;
					};
				};
			};
			buildConfigurationList = 53566AFF209166060099FF0F /* Build configuration list for PBXProject "Vector" */;
			compatibilityVersion = "Xcode 9.3";
			developmentRegion = en;
			hasScannedForEncodings = 0;
			knownRegions = (
				en,
				Base,
			);
			mainGroup = 53566AFB209166060099FF0F;
			productRefGroup = 53566B05209166060099FF0F /* Products */;
			projectDirPath = "";
			projectRoot = "";
			targets = (
				53566B03209166060099FF0F /* Vector */,
				53566B17209166080099FF0F /* VectorTests */,
				53566B22209166080099FF0F /* VectorUITests */,
			);
		};
/* End PBXProject section */

/* Begin PBXResourcesBuildPhase section */
		53566B02209166060099FF0F /* Resources */ = {
			isa = PBXResourcesBuildPhase;
			buildActionMask = 2147483647;
			files = (
				53566B12209166080099FF0F /* LaunchScreen.storyboard in Resources */,
				53566B0F209166080099FF0F /* Assets.xcassets in Resources */,
				53566B0D209166060099FF0F /* Main.storyboard in Resources */,
			);
			runOnlyForDeploymentPostprocessing = 0;
		};
		53566B16209166080099FF0F /* Resources */ = {
			isa = PBXResourcesBuildPhase;
			buildActionMask = 2147483647;
			files = (
			);
			runOnlyForDeploymentPostprocessing = 0;
		};
		53566B21209166080099FF0F /* Resources */ = {
			isa = PBXResourcesBuildPhase;
			buildActionMask = 2147483647;
			files = (
			);
			runOnlyForDeploymentPostprocessing = 0;
		};
/* End PBXResourcesBuildPhase section */

/* Begin PBXShellScriptBuildPhase section */
		0635421CF8B9CFDE15824B20 /* [CP] Check Pods Manifest.lock */ = {
			isa = PBXShellScriptBuildPhase;
			buildActionMask = 2147483647;
			files = (
			);
			inputPaths = (
				"${PODS_PODFILE_DIR_PATH}/Podfile.lock",
				"${PODS_ROOT}/Manifest.lock",
			);
			name = "[CP] Check Pods Manifest.lock";
			outputPaths = (
				"$(DERIVED_FILE_DIR)/Pods-Vector-checkManifestLockResult.txt",
			);
			runOnlyForDeploymentPostprocessing = 0;
			shellPath = /bin/sh;
			shellScript = "diff \"${PODS_PODFILE_DIR_PATH}/Podfile.lock\" \"${PODS_ROOT}/Manifest.lock\" > /dev/null\nif [ $? != 0 ] ; then\n    # print error to STDERR\n    echo \"error: The sandbox is not in sync with the Podfile.lock. Run 'pod install' or update your CocoaPods installation.\" >&2\n    exit 1\nfi\n# This output is used by Xcode 'outputs' to avoid re-running this script phase.\necho \"SUCCESS\" > \"${SCRIPT_OUTPUT_FILE_0}\"\n";
			showEnvVarsInLog = 0;
		};
		386B37D7184856EF3AA2F150 /* [CP] Copy Pods Resources */ = {
			isa = PBXShellScriptBuildPhase;
			buildActionMask = 2147483647;
			files = (
			);
			inputPaths = (
			);
			name = "[CP] Copy Pods Resources";
			outputPaths = (
			);
			runOnlyForDeploymentPostprocessing = 0;
			shellPath = /bin/sh;
			shellScript = "\"${SRCROOT}/Pods/Target Support Files/Pods-VectorUITests/Pods-VectorUITests-resources.sh\"\n";
			showEnvVarsInLog = 0;
		};
		44871491460F105F5C504C90 /* [CP] Check Pods Manifest.lock */ = {
			isa = PBXShellScriptBuildPhase;
			buildActionMask = 2147483647;
			files = (
			);
			inputPaths = (
				"${PODS_PODFILE_DIR_PATH}/Podfile.lock",
				"${PODS_ROOT}/Manifest.lock",
			);
			name = "[CP] Check Pods Manifest.lock";
			outputPaths = (
				"$(DERIVED_FILE_DIR)/Pods-VectorUITests-checkManifestLockResult.txt",
			);
			runOnlyForDeploymentPostprocessing = 0;
			shellPath = /bin/sh;
			shellScript = "diff \"${PODS_PODFILE_DIR_PATH}/Podfile.lock\" \"${PODS_ROOT}/Manifest.lock\" > /dev/null\nif [ $? != 0 ] ; then\n    # print error to STDERR\n    echo \"error: The sandbox is not in sync with the Podfile.lock. Run 'pod install' or update your CocoaPods installation.\" >&2\n    exit 1\nfi\n# This output is used by Xcode 'outputs' to avoid re-running this script phase.\necho \"SUCCESS\" > \"${SCRIPT_OUTPUT_FILE_0}\"\n";
			showEnvVarsInLog = 0;
		};
		8512A96E8D2E0FEAA8246E5A /* [CP] Embed Pods Frameworks */ = {
			isa = PBXShellScriptBuildPhase;
			buildActionMask = 2147483647;
			files = (
			);
			inputPaths = (
			);
			name = "[CP] Embed Pods Frameworks";
			outputPaths = (
			);
			runOnlyForDeploymentPostprocessing = 0;
			shellPath = /bin/sh;
			shellScript = "\"${SRCROOT}/Pods/Target Support Files/Pods-VectorTests/Pods-VectorTests-frameworks.sh\"\n";
			showEnvVarsInLog = 0;
		};
		8BE9D30F194001005EDA1617 /* [CP] Embed Pods Frameworks */ = {
			isa = PBXShellScriptBuildPhase;
			buildActionMask = 2147483647;
			files = (
			);
			inputPaths = (
			);
			name = "[CP] Embed Pods Frameworks";
			outputPaths = (
			);
			runOnlyForDeploymentPostprocessing = 0;
			shellPath = /bin/sh;
			shellScript = "\"${SRCROOT}/Pods/Target Support Files/Pods-VectorUITests/Pods-VectorUITests-frameworks.sh\"\n";
			showEnvVarsInLog = 0;
		};
		D1844CC5332A92657556AA72 /* [CP] Copy Pods Resources */ = {
			isa = PBXShellScriptBuildPhase;
			buildActionMask = 2147483647;
			files = (
			);
			inputPaths = (
				"${SRCROOT}/Pods/Target Support Files/Pods-Vector/Pods-Vector-resources.sh",
				"${PODS_ROOT}/GooglePlaces/Frameworks/GooglePlaces.framework/Resources/GooglePlaces.bundle",
			);
			name = "[CP] Copy Pods Resources";
			outputPaths = (
				"${TARGET_BUILD_DIR}/${UNLOCALIZED_RESOURCES_FOLDER_PATH}/GooglePlaces.bundle",
			);
			runOnlyForDeploymentPostprocessing = 0;
			shellPath = /bin/sh;
			shellScript = "\"${SRCROOT}/Pods/Target Support Files/Pods-Vector/Pods-Vector-resources.sh\"\n";
			showEnvVarsInLog = 0;
		};
		D186D4B2EC0246B425ED2ADC /* [CP] Check Pods Manifest.lock */ = {
			isa = PBXShellScriptBuildPhase;
			buildActionMask = 2147483647;
			files = (
			);
			inputPaths = (
				"${PODS_PODFILE_DIR_PATH}/Podfile.lock",
				"${PODS_ROOT}/Manifest.lock",
			);
			name = "[CP] Check Pods Manifest.lock";
			outputPaths = (
				"$(DERIVED_FILE_DIR)/Pods-VectorTests-checkManifestLockResult.txt",
			);
			runOnlyForDeploymentPostprocessing = 0;
			shellPath = /bin/sh;
			shellScript = "diff \"${PODS_PODFILE_DIR_PATH}/Podfile.lock\" \"${PODS_ROOT}/Manifest.lock\" > /dev/null\nif [ $? != 0 ] ; then\n    # print error to STDERR\n    echo \"error: The sandbox is not in sync with the Podfile.lock. Run 'pod install' or update your CocoaPods installation.\" >&2\n    exit 1\nfi\n# This output is used by Xcode 'outputs' to avoid re-running this script phase.\necho \"SUCCESS\" > \"${SCRIPT_OUTPUT_FILE_0}\"\n";
			showEnvVarsInLog = 0;
		};
		D813ED4E1D56D1667BF76D59 /* [CP] Copy Pods Resources */ = {
			isa = PBXShellScriptBuildPhase;
			buildActionMask = 2147483647;
			files = (
			);
			inputPaths = (
			);
			name = "[CP] Copy Pods Resources";
			outputPaths = (
			);
			runOnlyForDeploymentPostprocessing = 0;
			shellPath = /bin/sh;
			shellScript = "\"${SRCROOT}/Pods/Target Support Files/Pods-VectorTests/Pods-VectorTests-resources.sh\"\n";
			showEnvVarsInLog = 0;
		};
		E17ECC403333FC3578CD571B /* [CP] Embed Pods Frameworks */ = {
			isa = PBXShellScriptBuildPhase;
			buildActionMask = 2147483647;
			files = (
			);
			inputPaths = (
				"${SRCROOT}/Pods/Target Support Files/Pods-Vector/Pods-Vector-frameworks.sh",
				"${BUILT_PRODUCTS_DIR}/Nominatim/Nominatim.framework",
				"${BUILT_PRODUCTS_DIR}/SwiftSpinner/SwiftSpinner.framework",
			);
			name = "[CP] Embed Pods Frameworks";
			outputPaths = (
				"${TARGET_BUILD_DIR}/${FRAMEWORKS_FOLDER_PATH}/Nominatim.framework",
				"${TARGET_BUILD_DIR}/${FRAMEWORKS_FOLDER_PATH}/SwiftSpinner.framework",
			);
			runOnlyForDeploymentPostprocessing = 0;
			shellPath = /bin/sh;
			shellScript = "\"${SRCROOT}/Pods/Target Support Files/Pods-Vector/Pods-Vector-frameworks.sh\"\n";
			showEnvVarsInLog = 0;
		};
/* End PBXShellScriptBuildPhase section */

/* Begin PBXSourcesBuildPhase section */
		53566B00209166060099FF0F /* Sources */ = {
			isa = PBXSourcesBuildPhase;
			buildActionMask = 2147483647;
			files = (
				53566B0A209166060099FF0F /* ViewController.swift in Sources */,
				53566B08209166060099FF0F /* AppDelegate.swift in Sources */,
			);
			runOnlyForDeploymentPostprocessing = 0;
		};
		53566B14209166080099FF0F /* Sources */ = {
			isa = PBXSourcesBuildPhase;
			buildActionMask = 2147483647;
			files = (
				53566B1D209166080099FF0F /* VectorTests.swift in Sources */,
			);
			runOnlyForDeploymentPostprocessing = 0;
		};
		53566B1F209166080099FF0F /* Sources */ = {
			isa = PBXSourcesBuildPhase;
			buildActionMask = 2147483647;
			files = (
				53566B28209166080099FF0F /* VectorUITests.swift in Sources */,
			);
			runOnlyForDeploymentPostprocessing = 0;
		};
/* End PBXSourcesBuildPhase section */

/* Begin PBXTargetDependency section */
		53566B1A209166080099FF0F /* PBXTargetDependency */ = {
			isa = PBXTargetDependency;
			target = 53566B03209166060099FF0F /* Vector */;
			targetProxy = 53566B19209166080099FF0F /* PBXContainerItemProxy */;
		};
		53566B25209166080099FF0F /* PBXTargetDependency */ = {
			isa = PBXTargetDependency;
			target = 53566B03209166060099FF0F /* Vector */;
			targetProxy = 53566B24209166080099FF0F /* PBXContainerItemProxy */;
		};
/* End PBXTargetDependency section */

/* Begin PBXVariantGroup section */
		53566B0B209166060099FF0F /* Main.storyboard */ = {
			isa = PBXVariantGroup;
			children = (
				53566B0C209166060099FF0F /* Base */,
			);
			name = Main.storyboard;
			sourceTree = "<group>";
		};
		53566B10209166080099FF0F /* LaunchScreen.storyboard */ = {
			isa = PBXVariantGroup;
			children = (
				53566B11209166080099FF0F /* Base */,
			);
			name = LaunchScreen.storyboard;
			sourceTree = "<group>";
		};
/* End PBXVariantGroup section */

/* Begin XCBuildConfiguration section */
		53566B2A209166080099FF0F /* Debug */ = {
			isa = XCBuildConfiguration;
			buildSettings = {
				ALWAYS_SEARCH_USER_PATHS = NO;
				CLANG_ANALYZER_NONNULL = YES;
				CLANG_ANALYZER_NUMBER_OBJECT_CONVERSION = YES_AGGRESSIVE;
				CLANG_CXX_LANGUAGE_STANDARD = "gnu++14";
				CLANG_CXX_LIBRARY = "libc++";
				CLANG_ENABLE_MODULES = YES;
				CLANG_ENABLE_OBJC_ARC = YES;
				CLANG_ENABLE_OBJC_WEAK = YES;
				CLANG_WARN_BLOCK_CAPTURE_AUTORELEASING = YES;
				CLANG_WARN_BOOL_CONVERSION = YES;
				CLANG_WARN_COMMA = YES;
				CLANG_WARN_CONSTANT_CONVERSION = YES;
				CLANG_WARN_DEPRECATED_OBJC_IMPLEMENTATIONS = YES;
				CLANG_WARN_DIRECT_OBJC_ISA_USAGE = YES_ERROR;
				CLANG_WARN_DOCUMENTATION_COMMENTS = YES;
				CLANG_WARN_EMPTY_BODY = YES;
				CLANG_WARN_ENUM_CONVERSION = YES;
				CLANG_WARN_INFINITE_RECURSION = YES;
				CLANG_WARN_INT_CONVERSION = YES;
				CLANG_WARN_NON_LITERAL_NULL_CONVERSION = YES;
				CLANG_WARN_OBJC_IMPLICIT_RETAIN_SELF = YES;
				CLANG_WARN_OBJC_LITERAL_CONVERSION = YES;
				CLANG_WARN_OBJC_ROOT_CLASS = YES_ERROR;
				CLANG_WARN_RANGE_LOOP_ANALYSIS = YES;
				CLANG_WARN_STRICT_PROTOTYPES = YES;
				CLANG_WARN_SUSPICIOUS_MOVE = YES;
				CLANG_WARN_UNGUARDED_AVAILABILITY = YES_AGGRESSIVE;
				CLANG_WARN_UNREACHABLE_CODE = YES;
				CLANG_WARN__DUPLICATE_METHOD_MATCH = YES;
				CODE_SIGN_IDENTITY = "iPhone Developer";
				COPY_PHASE_STRIP = NO;
				DEBUG_INFORMATION_FORMAT = dwarf;
				ENABLE_STRICT_OBJC_MSGSEND = YES;
				ENABLE_TESTABILITY = YES;
				GCC_C_LANGUAGE_STANDARD = gnu11;
				GCC_DYNAMIC_NO_PIC = NO;
				GCC_NO_COMMON_BLOCKS = YES;
				GCC_OPTIMIZATION_LEVEL = 0;
				GCC_PREPROCESSOR_DEFINITIONS = (
					"DEBUG=1",
					"$(inherited)",
				);
				GCC_WARN_64_TO_32_BIT_CONVERSION = YES;
				GCC_WARN_ABOUT_RETURN_TYPE = YES_ERROR;
				GCC_WARN_UNDECLARED_SELECTOR = YES;
				GCC_WARN_UNINITIALIZED_AUTOS = YES_AGGRESSIVE;
				GCC_WARN_UNUSED_FUNCTION = YES;
				GCC_WARN_UNUSED_VARIABLE = YES;
				IPHONEOS_DEPLOYMENT_TARGET = 11.3;
				MTL_ENABLE_DEBUG_INFO = YES;
				ONLY_ACTIVE_ARCH = YES;
				SDKROOT = iphoneos;
				SWIFT_ACTIVE_COMPILATION_CONDITIONS = DEBUG;
				SWIFT_OPTIMIZATION_LEVEL = "-Onone";
			};
			name = Debug;
		};
		53566B2B209166080099FF0F /* Release */ = {
			isa = XCBuildConfiguration;
			buildSettings = {
				ALWAYS_SEARCH_USER_PATHS = NO;
				CLANG_ANALYZER_NONNULL = YES;
				CLANG_ANALYZER_NUMBER_OBJECT_CONVERSION = YES_AGGRESSIVE;
				CLANG_CXX_LANGUAGE_STANDARD = "gnu++14";
				CLANG_CXX_LIBRARY = "libc++";
				CLANG_ENABLE_MODULES = YES;
				CLANG_ENABLE_OBJC_ARC = YES;
				CLANG_ENABLE_OBJC_WEAK = YES;
				CLANG_WARN_BLOCK_CAPTURE_AUTORELEASING = YES;
				CLANG_WARN_BOOL_CONVERSION = YES;
				CLANG_WARN_COMMA = YES;
				CLANG_WARN_CONSTANT_CONVERSION = YES;
				CLANG_WARN_DEPRECATED_OBJC_IMPLEMENTATIONS = YES;
				CLANG_WARN_DIRECT_OBJC_ISA_USAGE = YES_ERROR;
				CLANG_WARN_DOCUMENTATION_COMMENTS = YES;
				CLANG_WARN_EMPTY_BODY = YES;
				CLANG_WARN_ENUM_CONVERSION = YES;
				CLANG_WARN_INFINITE_RECURSION = YES;
				CLANG_WARN_INT_CONVERSION = YES;
				CLANG_WARN_NON_LITERAL_NULL_CONVERSION = YES;
				CLANG_WARN_OBJC_IMPLICIT_RETAIN_SELF = YES;
				CLANG_WARN_OBJC_LITERAL_CONVERSION = YES;
				CLANG_WARN_OBJC_ROOT_CLASS = YES_ERROR;
				CLANG_WARN_RANGE_LOOP_ANALYSIS = YES;
				CLANG_WARN_STRICT_PROTOTYPES = YES;
				CLANG_WARN_SUSPICIOUS_MOVE = YES;
				CLANG_WARN_UNGUARDED_AVAILABILITY = YES_AGGRESSIVE;
				CLANG_WARN_UNREACHABLE_CODE = YES;
				CLANG_WARN__DUPLICATE_METHOD_MATCH = YES;
				CODE_SIGN_IDENTITY = "iPhone Developer";
				COPY_PHASE_STRIP = NO;
				DEBUG_INFORMATION_FORMAT = "dwarf-with-dsym";
				ENABLE_NS_ASSERTIONS = NO;
				ENABLE_STRICT_OBJC_MSGSEND = YES;
				GCC_C_LANGUAGE_STANDARD = gnu11;
				GCC_NO_COMMON_BLOCKS = YES;
				GCC_WARN_64_TO_32_BIT_CONVERSION = YES;
				GCC_WARN_ABOUT_RETURN_TYPE = YES_ERROR;
				GCC_WARN_UNDECLARED_SELECTOR = YES;
				GCC_WARN_UNINITIALIZED_AUTOS = YES_AGGRESSIVE;
				GCC_WARN_UNUSED_FUNCTION = YES;
				GCC_WARN_UNUSED_VARIABLE = YES;
				IPHONEOS_DEPLOYMENT_TARGET = 11.3;
				MTL_ENABLE_DEBUG_INFO = NO;
				SDKROOT = iphoneos;
				SWIFT_COMPILATION_MODE = wholemodule;
				SWIFT_OPTIMIZATION_LEVEL = "-O";
				VALIDATE_PRODUCT = YES;
			};
			name = Release;
		};
		53566B2D209166080099FF0F /* Debug */ = {
			isa = XCBuildConfiguration;
			baseConfigurationReference = 7DC8C66001CCC0EFB6437FF1 /* Pods-Vector.debug.xcconfig */;
			buildSettings = {
				ASSETCATALOG_COMPILER_APPICON_NAME = AppIcon;
				CODE_SIGN_STYLE = Automatic;
				DEVELOPMENT_TEAM = 36Q46EV374;
				INFOPLIST_FILE = Vector/Info.plist;
				LD_RUNPATH_SEARCH_PATHS = "$(inherited) @executable_path/Frameworks";
				PRODUCT_BUNDLE_IDENTIFIER = com.synthlock.Vector;
				PRODUCT_NAME = "$(TARGET_NAME)";
				SWIFT_VERSION = 4.0;
				TARGETED_DEVICE_FAMILY = "1,2";
			};
			name = Debug;
		};
		53566B2E209166080099FF0F /* Release */ = {
			isa = XCBuildConfiguration;
			baseConfigurationReference = 67B2CF9FC200534F74B303D0 /* Pods-Vector.release.xcconfig */;
			buildSettings = {
				ASSETCATALOG_COMPILER_APPICON_NAME = AppIcon;
				CODE_SIGN_STYLE = Automatic;
				DEVELOPMENT_TEAM = 36Q46EV374;
				INFOPLIST_FILE = Vector/Info.plist;
				LD_RUNPATH_SEARCH_PATHS = "$(inherited) @executable_path/Frameworks";
				PRODUCT_BUNDLE_IDENTIFIER = com.synthlock.Vector;
				PRODUCT_NAME = "$(TARGET_NAME)";
				SWIFT_VERSION = 4.0;
				TARGETED_DEVICE_FAMILY = "1,2";
			};
			name = Release;
		};
		53566B30209166080099FF0F /* Debug */ = {
			isa = XCBuildConfiguration;
			baseConfigurationReference = 7B2B37048B13185DD98ABAA6 /* Pods-VectorTests.debug.xcconfig */;
			buildSettings = {
				ALWAYS_EMBED_SWIFT_STANDARD_LIBRARIES = YES;
				BUNDLE_LOADER = "$(TEST_HOST)";
				CODE_SIGN_STYLE = Automatic;
				INFOPLIST_FILE = VectorTests/Info.plist;
				LD_RUNPATH_SEARCH_PATHS = "$(inherited) @executable_path/Frameworks @loader_path/Frameworks";
				PRODUCT_BUNDLE_IDENTIFIER = com.synthlock.VectorTests;
				PRODUCT_NAME = "$(TARGET_NAME)";
				SWIFT_VERSION = 4.0;
				TARGETED_DEVICE_FAMILY = "1,2";
				TEST_HOST = "$(BUILT_PRODUCTS_DIR)/Vector.app/Vector";
			};
			name = Debug;
		};
		53566B31209166080099FF0F /* Release */ = {
			isa = XCBuildConfiguration;
			baseConfigurationReference = 52F94907E3805B0E667D069F /* Pods-VectorTests.release.xcconfig */;
			buildSettings = {
				ALWAYS_EMBED_SWIFT_STANDARD_LIBRARIES = YES;
				BUNDLE_LOADER = "$(TEST_HOST)";
				CODE_SIGN_STYLE = Automatic;
				INFOPLIST_FILE = VectorTests/Info.plist;
				LD_RUNPATH_SEARCH_PATHS = "$(inherited) @executable_path/Frameworks @loader_path/Frameworks";
				PRODUCT_BUNDLE_IDENTIFIER = com.synthlock.VectorTests;
				PRODUCT_NAME = "$(TARGET_NAME)";
				SWIFT_VERSION = 4.0;
				TARGETED_DEVICE_FAMILY = "1,2";
				TEST_HOST = "$(BUILT_PRODUCTS_DIR)/Vector.app/Vector";
			};
			name = Release;
		};
		53566B33209166080099FF0F /* Debug */ = {
			isa = XCBuildConfiguration;
			baseConfigurationReference = 485312F6BF663E7E30A85F1E /* Pods-VectorUITests.debug.xcconfig */;
			buildSettings = {
				ALWAYS_EMBED_SWIFT_STANDARD_LIBRARIES = YES;
				CODE_SIGN_STYLE = Automatic;
				INFOPLIST_FILE = VectorUITests/Info.plist;
				LD_RUNPATH_SEARCH_PATHS = "$(inherited) @executable_path/Frameworks @loader_path/Frameworks";
				PRODUCT_BUNDLE_IDENTIFIER = com.synthlock.VectorUITests;
				PRODUCT_NAME = "$(TARGET_NAME)";
				SWIFT_VERSION = 4.0;
				TARGETED_DEVICE_FAMILY = "1,2";
				TEST_TARGET_NAME = Vector;
			};
			name = Debug;
		};
		53566B34209166080099FF0F /* Release */ = {
			isa = XCBuildConfiguration;
			baseConfigurationReference = D11472A8979D222AC6A9F279 /* Pods-VectorUITests.release.xcconfig */;
			buildSettings = {
				ALWAYS_EMBED_SWIFT_STANDARD_LIBRARIES = YES;
				CODE_SIGN_STYLE = Automatic;
				INFOPLIST_FILE = VectorUITests/Info.plist;
				LD_RUNPATH_SEARCH_PATHS = "$(inherited) @executable_path/Frameworks @loader_path/Frameworks";
				PRODUCT_BUNDLE_IDENTIFIER = com.synthlock.VectorUITests;
				PRODUCT_NAME = "$(TARGET_NAME)";
				SWIFT_VERSION = 4.0;
				TARGETED_DEVICE_FAMILY = "1,2";
				TEST_TARGET_NAME = Vector;
			};
			name = Release;
		};
/* End XCBuildConfiguration section */

/* Begin XCConfigurationList section */
		53566AFF209166060099FF0F /* Build configuration list for PBXProject "Vector" */ = {
			isa = XCConfigurationList;
			buildConfigurations = (
				53566B2A209166080099FF0F /* Debug */,
				53566B2B209166080099FF0F /* Release */,
			);
			defaultConfigurationIsVisible = 0;
			defaultConfigurationName = Release;
		};
		53566B2C209166080099FF0F /* Build configuration list for PBXNativeTarget "Vector" */ = {
			isa = XCConfigurationList;
			buildConfigurations = (
				53566B2D209166080099FF0F /* Debug */,
				53566B2E209166080099FF0F /* Release */,
			);
			defaultConfigurationIsVisible = 0;
			defaultConfigurationName = Release;
		};
		53566B2F209166080099FF0F /* Build configuration list for PBXNativeTarget "VectorTests" */ = {
			isa = XCConfigurationList;
			buildConfigurations = (
				53566B30209166080099FF0F /* Debug */,
				53566B31209166080099FF0F /* Release */,
			);
			defaultConfigurationIsVisible = 0;
			defaultConfigurationName = Release;
		};
		53566B32209166080099FF0F /* Build configuration list for PBXNativeTarget "VectorUITests" */ = {
			isa = XCConfigurationList;
			buildConfigurations = (
				53566B33209166080099FF0F /* Debug */,
				53566B34209166080099FF0F /* Release */,
			);
			defaultConfigurationIsVisible = 0;
			defaultConfigurationName = Release;
		};
/* End XCConfigurationList section */
	};
	rootObject = 53566AFC209166060099FF0F /* Project object */;
}
